<?xml version="1.0" encoding="UTF-8"?>
<CONFIG>
  <ProjectOptions>
    <Version Value="11"/>
    <General>
      <Flags>
        <MainUnitHasCreateFormStatements Value="False"/>
      </Flags>
      <SessionStorage Value="InProjectDir"/>
      <MainUnit Value="0"/>
      <Title Value="megattproj"/>
      <UseAppBundle Value="False"/>
      <ResourceType Value="res"/>
    </General>
    <i18n>
      <EnableI18N LFM="False"/>
    </i18n>
    <BuildModes Count="2">
      <Item1 Name="Default" Default="True"/>
      <Item2 Name="Release">
        <CompilerOptions>
          <Version Value="11"/>
          <Target>
            <Filename Value="megatt"/>
          </Target>
          <SearchPaths>
            <IncludeFiles Value="$(ProjOutDir)"/>
            <OtherUnitFiles Value="../Common;../TamuraFuncs;../reltime;common;tests/common;timeline;timetree;utils;../PatristicDist;../RuntimeProgress;../DataOutput;../Alignment;../Process;../MEGA-CC;../InputData;../Compute;../Web;../InputData/nexus;../Captions;../CloneFinder/compute;../CloneFinder/data;../CloneFinder/options;../CloneFinder/parsers;../CloneFinder/process;../BEAM;../UsageStatistics;../MegaVcl;../TreeEditor;../CalibrationTester;../AlignmentEditor;../Clinic;../GeneDuplication;../Applinker;../Private/Help;../TextEditor;../MegaDlgs;../ResultsForms;../Helpers"/>
            <UnitOutputDirectory Value="lib/$(TargetCPU)-$(TargetOS)"/>
          </SearchPaths>
          <CodeGeneration>
            <SmartLinkUnit Value="True"/>
          </CodeGeneration>
          <Linking>
            <Debugging>
              <GenerateDebugInfo Value="False"/>
            </Debugging>
            <LinkSmart Value="True"/>
          </Linking>
          <Other>
            <ExecuteAfter>
              <Command Value="python /mydata/Documents/lazarusProjects/mega-git/mega-tt/megatt_check_dependencies.py"/>
            </ExecuteAfter>
          </Other>
        </CompilerOptions>
      </Item2>
      <SharedMatrixOptions Count="1">
        <Item1 ID="248463092411" Modes="Release,Default" Value="-dDisableUTF8RTL"/>
      </SharedMatrixOptions>
    </BuildModes>
    <PublishOptions>
      <Version Value="2"/>
    </PublishOptions>
    <RunParams>
      <local>
        <CommandLineParams Value="--tree ./inputs/97k-family-tree.nwk --names-map ./inputs/97k-family-map.txt --ranks ./inputs/97k-family-ranks.txt --target-rank family -ci ./inputs/family_ci.csv -leaf-counts ./inputs/leafNodeCounts.csv --ids ./ids/ids.txt --o2 ./inputs/O2.txt --co2 ./inputs/CO2.txt --luminosity ./inputs/luminosity.txt --outfile ./outputs/family.svg --prune --earth-impacts ./inputs/earth_impacts.csv --width 900 -geo-bg-colors periods -tree-name timetree -gs"/>
        <WorkingDirectory Value="/home/gstecher/Documents/lazarusProjects/mega-git/mega-tt/smoke_tests/pruneTree_97k"/>
        <Display Use="True"/>
      </local>
      <FormatVersion Value="2"/>
      <Modes Count="1">
        <Mode0 Name="default">
          <local>
            <CommandLineParams Value="--tree ./inputs/97k-family-tree.nwk --names-map ./inputs/97k-family-map.txt --ranks ./inputs/97k-family-ranks.txt --target-rank family -ci ./inputs/family_ci.csv -leaf-counts ./inputs/leafNodeCounts.csv --ids ./ids/ids.txt --o2 ./inputs/O2.txt --co2 ./inputs/CO2.txt --luminosity ./inputs/luminosity.txt --outfile ./outputs/family.svg --prune --earth-impacts ./inputs/earth_impacts.csv --width 900 -geo-bg-colors periods -tree-name timetree -gs"/>
            <WorkingDirectory Value="/home/gstecher/Documents/lazarusProjects/mega-git/mega-tt/smoke_tests/pruneTree_97k"/>
            <Display Use="True"/>
          </local>
        </Mode0>
      </Modes>
    </RunParams>
    <RequiredPackages Count="3">
      <Item1>
        <PackageName Value="laz_fpspreadsheet"/>
      </Item1>
      <Item2>
        <PackageName Value="LCLBase"/>
      </Item2>
      <Item3>
        <PackageName Value="LazUtils"/>
      </Item3>
    </RequiredPackages>
    <Units Count="38">
      <Unit0>
        <Filename Value="megattproj.lpr"/>
        <IsPartOfProject Value="True"/>
      </Unit0>
      <Unit1>
        <Filename Value="gtreedata.pas"/>
        <IsPartOfProject Value="True"/>
      </Unit1>
      <Unit2>
        <Filename Value="gtreelist.pas"/>
        <IsPartOfProject Value="True"/>
      </Unit2>
      <Unit3>
        <Filename Value="gtreedataadapter.pas"/>
        <IsPartOfProject Value="True"/>
      </Unit3>
      <Unit4>
        <Filename Value="../Common/MLongintList.pas"/>
        <IsPartOfProject Value="True"/>
      </Unit4>
      <Unit5>
        <Filename Value="gtreenode.pas"/>
        <IsPartOfProject Value="True"/>
      </Unit5>
      <Unit6>
        <Filename Value="../TamuraFuncs/mtreepruner.pas"/>
        <IsPartOfProject Value="True"/>
      </Unit6>
      <Unit7>
        <Filename Value="ttconst.pas"/>
        <IsPartOfProject Value="True"/>
      </Unit7>
      <Unit8>
        <Filename Value="gutils.pas"/>
        <IsPartOfProject Value="True"/>
      </Unit8>
      <Unit9>
        <Filename Value="gtreeproc.pas"/>
        <IsPartOfProject Value="True"/>
      </Unit9>
      <Unit10>
        <Filename Value="gsvgwriter.pas"/>
        <IsPartOfProject Value="True"/>
      </Unit10>
      <Unit11>
        <Filename Value="gsvgtreebox.pas"/>
        <IsPartOfProject Value="True"/>
      </Unit11>
      <Unit12>
        <Filename Value="gtreeattrib.pas"/>
        <IsPartOfProject Value="True"/>
      </Unit12>
      <Unit13>
        <Filename Value="gtextwidth.pas"/>
        <IsPartOfProject Value="True"/>
      </Unit13>
      <Unit14>
        <Filename Value="../RelTime/geologicaltimes.pas"/>
        <IsPartOfProject Value="True"/>
      </Unit14>
      <Unit15>
        <Filename Value="../RelTime/mearthimpacts.pas"/>
        <IsPartOfProject Value="True"/>
      </Unit15>
      <Unit16>
        <Filename Value="../RelTime/mgeodata.pas"/>
        <IsPartOfProject Value="True"/>
      </Unit16>
      <Unit17>
        <Filename Value="gtaxonomicrank.pas"/>
        <IsPartOfProject Value="True"/>
      </Unit17>
      <Unit18>
        <Filename Value="gnamesmap.pas"/>
        <IsPartOfProject Value="True"/>
      </Unit18>
      <Unit19>
        <Filename Value="gpairwisesvg.pas"/>
        <IsPartOfProject Value="True"/>
      </Unit19>
      <Unit20>
        <Filename Value="gloadtreethread.pas"/>
        <IsPartOfProject Value="True"/>
      </Unit20>
      <Unit21>
        <Filename Value="mgeodatachartformatter.pas"/>
        <IsPartOfProject Value="True"/>
      </Unit21>
      <Unit22>
        <Filename Value="timeline/gtimelinesvg.pas"/>
        <IsPartOfProject Value="True"/>
      </Unit22>
      <Unit23>
        <Filename Value="common/gsvgstrings.pas"/>
        <IsPartOfProject Value="True"/>
      </Unit23>
      <Unit24>
        <Filename Value="timeline/gtimeline.pas"/>
        <IsPartOfProject Value="True"/>
      </Unit24>
      <Unit25>
        <Filename Value="timeline/gtimelinejsonparser.pas"/>
        <IsPartOfProject Value="True"/>
      </Unit25>
      <Unit26>
        <Filename Value="timeline/gtimelineresult.pas"/>
        <IsPartOfProject Value="True"/>
      </Unit26>
      <Unit27>
        <Filename Value="timeline/gtimelinesvgwriter.pas"/>
        <IsPartOfProject Value="True"/>
      </Unit27>
      <Unit28>
        <Filename Value="tests/common/testconsts.pas"/>
        <IsPartOfProject Value="True"/>
      </Unit28>
      <Unit29>
        <Filename Value="timeline/gtimelineresultbin.pas"/>
        <IsPartOfProject Value="True"/>
      </Unit29>
      <Unit30>
        <Filename Value="timeline/gtimelineresultbinarray.pas"/>
        <IsPartOfProject Value="True"/>
      </Unit30>
      <Unit31>
        <Filename Value="mearthimpactsrenderer.pas"/>
        <IsPartOfProject Value="True"/>
      </Unit31>
      <Unit32>
        <Filename Value="timetree/gtimescalerenderer.pas"/>
        <IsPartOfProject Value="True"/>
      </Unit32>
      <Unit33>
        <Filename Value="timetree/gscaleticks.pas"/>
        <IsPartOfProject Value="True"/>
      </Unit33>
      <Unit34>
        <Filename Value="gconfidenceintervals.pas"/>
        <IsPartOfProject Value="True"/>
      </Unit34>
      <Unit35>
        <Filename Value="utils/gnamestoidsmapper.pas"/>
        <IsPartOfProject Value="True"/>
      </Unit35>
      <Unit36>
        <Filename Value="utils/gleafnodecounts.pas"/>
        <IsPartOfProject Value="True"/>
      </Unit36>
      <Unit37>
        <Filename Value="gnewick_to_svg.pas"/>
        <IsPartOfProject Value="True"/>
      </Unit37>
    </Units>
  </ProjectOptions>
  <CompilerOptions>
    <Version Value="11"/>
    <Target>
      <Filename Value="megattproj"/>
    </Target>
    <SearchPaths>
      <IncludeFiles Value="$(ProjOutDir)"/>
      <OtherUnitFiles Value="../Common;../TamuraFuncs;../RelTime;common;tests/common;timeline"/>
      <UnitOutputDirectory Value="lib/$(TargetCPU)-$(TargetOS)"/>
    </SearchPaths>
  </CompilerOptions>
  <Debugging>
    <Exceptions Count="3">
      <Item1>
        <Name Value="EAbort"/>
      </Item1>
      <Item2>
        <Name Value="ECodetoolError"/>
      </Item2>
      <Item3>
        <Name Value="EFOpenError"/>
      </Item3>
    </Exceptions>
  </Debugging>
</CONFIG>
