<?xml version="1.0" encoding="UTF-8"?>
<CONFIG>
  <ProjectOptions>
    <Version Value="11"/>
    <General>
      <Flags>
        <MainUnitHasCreateFormStatements Value="False"/>
      </Flags>
      <SessionStorage Value="InProjectDir"/>
      <MainUnit Value="0"/>
      <Title Value="megattproj"/>
      <UseAppBundle Value="False"/>
      <ResourceType Value="res"/>
    </General>
    <i18n>
      <EnableI18N LFM="False"/>
    </i18n>
    <BuildModes Count="2">
      <Item1 Name="Default" Default="True"/>
      <Item2 Name="Release">
        <CompilerOptions>
          <Version Value="11"/>
          <Target>
            <Filename Value="megatt"/>
          </Target>
          <SearchPaths>
            <IncludeFiles Value="$(ProjOutDir)"/>
            <OtherUnitFiles Value="../Common;../TamuraFuncs;../reltime;common;tests/common;timeline;timetree;utils;../PatristicDist;../RuntimeProgress;../DataOutput;../Alignment;../Process;../MEGA-CC;../InputData;../Compute;../Web;../InputData/nexus;../Captions;../CloneFinder/compute;../CloneFinder/data;../CloneFinder/options;../CloneFinder/parsers;../CloneFinder/process;../BEAM;../UsageStatistics;../MegaVcl;../TreeEditor;../CalibrationTester;../AlignmentEditor;../Clinic;../GeneDuplication;../Applinker;../Private/Help;../TextEditor;../MegaDlgs;../ResultsForms;../Helpers"/>
            <UnitOutputDirectory Value="lib/$(TargetCPU)-$(TargetOS)"/>
          </SearchPaths>
          <CodeGeneration>
            <SmartLinkUnit Value="True"/>
          </CodeGeneration>
          <Linking>
            <Debugging>
              <GenerateDebugInfo Value="False"/>
            </Debugging>
            <LinkSmart Value="True"/>
          </Linking>
          <Other>
            <ExecuteAfter>
              <Command Value="python /mydata/Documents/lazarusProjects/MEGA-Lazarus/mega-tt/megatt_check_dependencies.py"/>
            </ExecuteAfter>
          </Other>
        </CompilerOptions>
      </Item2>
      <SharedMatrixOptions Count="1">
        <Item1 ID="248463092411" Modes="Release,Default" Value="-dDisableUTF8RTL"/>
      </SharedMatrixOptions>
    </BuildModes>
    <PublishOptions>
      <Version Value="2"/>
    </PublishOptions>
    <RunParams>
      <local>
        <CommandLineParams Value="--width 600 --height 1200 --outfile debug.svg --input &quot;((((((((((((((('F1ROEU5532672007':9.6018598,'F1ROEU5532092006':9.6018598):1.7062805,'F1ROEU5530892004':11.3081402):1.6585021,('F1ROEU5530832004':11.4865935,'F1ROEU5532692007':11.4865935):1.4800488):0.8975790,(('F1ROEU5532502006':11.6597080,'F1ROEU5529462003':11.6597080):1.3387052,('F1ROEU5529482003':11.7999769,'F1ROEU5530212003':11.7999769):1.1984363):0.8658081):0.4635617,((('F1ROEU5532662007':12.6343956,'F1ROEU5530942004':12.6343956):1.2881059,'F1ROEU5530562003':13.9225014):0.4048994,'F1ROEU5530412003':14.3274008):0.0003822):1.3311522,((((('F1ROEU5531452005':10.6020101,'F1ROEU5532712005':10.6020101):1.0697744,'F1ROEU5529352003':11.6717844):1.4322050,('F1ROEU5530752004':11.1006941,'F1ROEU5531312005':11.1006941):2.0032953):0.0003286,(('F1ROEU5532652007':9.3020151,'F1ROEU5532552007':9.3020151):1.4796761,'F1ROEU5532102006':10.7816912):2.3226267):1.9567924,((('F1ROEU5532272006':2.0000000,'F1ROEU5531532005':2.0000000):10.6785788,'F1ROEU5529472003':12.6785788):2.3825315,'F1ROEU5532372006':15.0611104):0.00E+000):0.5978249):1.8985110,(((('F1USAY9017361994':15.8356603,'F1ROAF2040391993':15.8356603):0.9921641,'F1ROAF2040421993':16.8278243):0.3916900,('F1ROAF2040411993':16.4083080,'F1ROAF2040441996':16.4083080):0.8112063):0.3379319,((('F1ROAF2040451996':16.5144927,'F1ROAB4856591996':16.5144927):0.00E+000,'F1ROAF2040431996':16.5144927):1.0429535,'F1ROAF4478571994':17.5574463):0.00E+000):0.00E+000):1.6616241,'F1ROAF2040401997':19.2190704):2.2882491,('F1ROAF2040491997':18.2479649,'F1FRAJ2492381996':18.2479649):3.2593546):1.6384079,((('F1ROEU5529402005':18.6627273,'F1ROAF2040471997':18.6627273):2.1027931,'F1ITEU7416682006':20.7655204):1.4467419,('F1ITFJ2090602006':17.7571515,'F1ROEU5530052003':17.7571515):4.4551109):0.9334650):0.9325587,(((((((((('F1AOEU0684122001':9.7574108,'F1AOEU0684472001':9.7574108):2.0473597,'F1AOEU0684072001':11.8047705):1.0795161,'F1AOEU0683972001':12.8842866):0.4307972,'F1AOFJ9002672006':13.3150838):0.9349600,(('F1AOEU0684492001':12.4659953,'F1AOEU0684252001':12.4659953):1.7840485,'F1AOFJ9002692006':14.2500438):0.00E+000):1.2813070,'F1AOFJ9002682006':15.5313508):1.0894758,'F1AOFJ9002662006':16.6208266):1.0843096,((('F1AOEU0683612001':6.2515326,'F1MZDQ6601312004':6.2515326):2.7014785,'F1AOEU0684112001':8.9530111):6.5986379,'F1AOEU0683962001':15.5516490):2.1534872):0.2955178,('F1AOEU0683622001':16.7022750,'F1CUAF4254591999':16.7022750):1.2983790):5.2447020,(((('F1ROAF2040461997':16.9047103,'F1ROEU5531202005':16.9047103):1.6005543,'F1ROAF2040521997':18.5052645):3.8148839,'F1BEDQ8777922003':22.3201484):0.2603126,((('F1ROAF2040481997':19.4450104,'F1ROAF2040501997':19.4450104):1.3165342,'F1SIAJ9711002002':20.7615445):0.0007070,'F1ROEU5532642007':20.7622516):1.8182094):0.6648950):0.8329301):2.1264702,(('F1AOEU0683512001':21.6072032,'F1HNEU3126682003':21.6072032):3.3561467,'F1FRAJ2870421999':24.9633499):1.2414064):1.0242272,((('F1BGEF5174381998':16.8036652,'F1BGEF5174351997':16.8036652):2.3624546,'F1CUDQ1132122003':19.1661198):4.1710951,'F1RUFJ0098142006':23.3372149):3.8917687):1.0302103,((((((((((((('F1BREU1897232005':15.1272023,'F1ITAF2952821998':15.1272023):0.3788003,'F1ITAF2952811997':15.5060026):0.9909736,'F1BRFJ4051532003':16.4969763):3.5952000,('F1BRAF4478261989':18.8387510,'F1BRAF4478221990':18.8387510):1.2534253):0.00E+000,(('F1BRAF0054941993':19.2107779,'F1BRFJ7710062002':19.2107779):0.8807775,'F1BRAF4478151990':20.0915554):0.0006208):0.0005187,(('F1BREF3791972006':16.4523819,'F1BRDQ8997042004':16.4523819):2.1957932,'F1CHEF4499962004':18.6481750):1.4445199):1.0247294,((('F1BRAY4418512000':17.1739053,'F1BREU1897042005':17.1739053):1.0510309,'F1BRFJ4051682002':18.2249362):1.8040964,'F1BRAY2757712002':20.0290327):1.0883916):0.0006231,(((((('F1BRFJ4051492003':13.4533803,'F1BRFJ4051452003':13.4533803):1.3796842,'F1BREU2580762004':14.8330645):0.9925540,'F1BRDQ3588022001':15.8256185):0.9274198,(('F1BRAY4418722000':13.8753717,'F1BREU1897092005':13.8753717):1.2394088,'F1BREU1897182005':15.1147805):1.6382578):0.7109620,'F1BREU2935062006':17.4640003):0.2980221,(('F1BREU1897302006':14.0184589,'F1ARFJ5258192006':14.0184589):1.6931763,'F1BRDQ3588012001':15.7116352):2.0503871):3.3560250):0.4517885,(((((('F1LUDQ8777502003':14.1690999,'F1PTDQ8778852003':14.1690999):1.4712224,'F1JPAB4802982004':15.6403223):0.4515292,('F1BEDQ8777682003':14.4973396,'F1CHDQ8779042003':14.4973396):1.5945119):1.2578120,'F1ITDQ8787322003':17.3496635):1.3789886,(('F1BRAY8771722003':15.7228769,'F1BRFJ4051742002':15.7228769):2.5611391,('F1ITDQ8787502003':14.7583805,'F1ITDQ8786222003':14.7583805):3.5256355):0.4446361):2.4351707,(((('F1BRFJ4051792004':16.9418671,'F1BRAY9014451999':16.9418671):2.1633532,('F1BREU1897352006':16.2335940,'F1BRAY6432332003':16.2335940):2.8716263):1.4533553,('F1BRFJ7710102007':17.9231139,'F1BRDQ8996972005':17.9231139):2.6354617):0.0006068,'F1BRAY6432522003':20.5591825):0.6046403):0.4060131):0.9958700,('F1BRFJ4051432002':16.3083477,'F1BREF0426462004':16.3083477):6.2573582):0.2743721,(('F1ITAF2952991998':16.1212359,'F1BRFJ7710082006':16.1212359):2.5768729,'F1BRFJ4051712004':18.6981088):4.1419692):1.0852977,(('F1FIAF0757031993':23.0199585,'F1BEAF0773361993':23.0199585):0.9054172,'F1ITAF2952831998':23.9253756):0.00E+000):3.4276422,(('F1AOEU0683722001':25.1196899,'F1BEDQ1772191987':25.1196899):0.6632869,('F1CDAM0410212002':23.4228300,'F1FRDQ8781752003':23.4228300):2.3601467):1.5700411):0.9061760):0.00E+000,((((((((('F2CMAM2794472002':0.00E+000,'F2FRDQ8781712003':0.00E+000):0.00E+000,'F2CMAM1817942001':0.00E+000):0.00E+000,('F2CMDQ9904282004':0.00E+000,'F2CMDQ9904342004':0.00E+000):0.00E+000):0.00E+000,'F2DEDQ8785092003':0.00E+000):0.00E+000,('F2CMGQ3449612006':0.00E+000,'F2CMAJ2492371995':0.00E+000):0.00E+000):0.00E+000,(('F2FRAJ2705601997':0.00E+000,'F2CMAJ2869731997':0.00E+000):0.00E+000,'F2CMDQ9904302004':0.00E+000):0.00E+000):0.00E+000,((((('F2FRAJ2705621997':0.00E+000,'F2CMAJ2869741997':0.00E+000):0.00E+000,'F2CMAY3711582002':0.00E+000):0.00E+000,'F2CMDQ9904362004':0.00E+000):0.00E+000,('F2CMAF3779561997':0.00E+000,'F2MLEU3306532006':0.00E+000):0.00E+000):0.00E+000,(('F2CMAJ2869771998':0.00E+000,'F2CMAJ2869711997':0.00E+000):0.00E+000,('F2ESEU2553802006':0.00E+000,'F2ESEU5451912005':0.00E+000):0.00E+000):0.00E+000):0.00E+000):0.00E+000,(('F2CMAJ2869761998':0.00E+000,'F2CMGQ3449662006':0.00E+000):0.00E+000,'F2CMDQ9904472004':0.00E+000):0.00E+000):0.00E+000,'F2CMAJ2492361995':0.00E+000):28.2591939);&quot;"/>
        <WorkingDirectory Value="/mydata/Documents/lazarusProjects/MEGA-Lazarus/mega-tt/testing"/>
        <Display Use="True"/>
      </local>
      <FormatVersion Value="2"/>
      <Modes Count="1">
        <Mode0 Name="default">
          <local>
            <CommandLineParams Value="--width 600 --height 1200 --outfile debug.svg --input &quot;((((((((((((((('F1ROEU5532672007':9.6018598,'F1ROEU5532092006':9.6018598):1.7062805,'F1ROEU5530892004':11.3081402):1.6585021,('F1ROEU5530832004':11.4865935,'F1ROEU5532692007':11.4865935):1.4800488):0.8975790,(('F1ROEU5532502006':11.6597080,'F1ROEU5529462003':11.6597080):1.3387052,('F1ROEU5529482003':11.7999769,'F1ROEU5530212003':11.7999769):1.1984363):0.8658081):0.4635617,((('F1ROEU5532662007':12.6343956,'F1ROEU5530942004':12.6343956):1.2881059,'F1ROEU5530562003':13.9225014):0.4048994,'F1ROEU5530412003':14.3274008):0.0003822):1.3311522,((((('F1ROEU5531452005':10.6020101,'F1ROEU5532712005':10.6020101):1.0697744,'F1ROEU5529352003':11.6717844):1.4322050,('F1ROEU5530752004':11.1006941,'F1ROEU5531312005':11.1006941):2.0032953):0.0003286,(('F1ROEU5532652007':9.3020151,'F1ROEU5532552007':9.3020151):1.4796761,'F1ROEU5532102006':10.7816912):2.3226267):1.9567924,((('F1ROEU5532272006':2.0000000,'F1ROEU5531532005':2.0000000):10.6785788,'F1ROEU5529472003':12.6785788):2.3825315,'F1ROEU5532372006':15.0611104):0.00E+000):0.5978249):1.8985110,(((('F1USAY9017361994':15.8356603,'F1ROAF2040391993':15.8356603):0.9921641,'F1ROAF2040421993':16.8278243):0.3916900,('F1ROAF2040411993':16.4083080,'F1ROAF2040441996':16.4083080):0.8112063):0.3379319,((('F1ROAF2040451996':16.5144927,'F1ROAB4856591996':16.5144927):0.00E+000,'F1ROAF2040431996':16.5144927):1.0429535,'F1ROAF4478571994':17.5574463):0.00E+000):0.00E+000):1.6616241,'F1ROAF2040401997':19.2190704):2.2882491,('F1ROAF2040491997':18.2479649,'F1FRAJ2492381996':18.2479649):3.2593546):1.6384079,((('F1ROEU5529402005':18.6627273,'F1ROAF2040471997':18.6627273):2.1027931,'F1ITEU7416682006':20.7655204):1.4467419,('F1ITFJ2090602006':17.7571515,'F1ROEU5530052003':17.7571515):4.4551109):0.9334650):0.9325587,(((((((((('F1AOEU0684122001':9.7574108,'F1AOEU0684472001':9.7574108):2.0473597,'F1AOEU0684072001':11.8047705):1.0795161,'F1AOEU0683972001':12.8842866):0.4307972,'F1AOFJ9002672006':13.3150838):0.9349600,(('F1AOEU0684492001':12.4659953,'F1AOEU0684252001':12.4659953):1.7840485,'F1AOFJ9002692006':14.2500438):0.00E+000):1.2813070,'F1AOFJ9002682006':15.5313508):1.0894758,'F1AOFJ9002662006':16.6208266):1.0843096,((('F1AOEU0683612001':6.2515326,'F1MZDQ6601312004':6.2515326):2.7014785,'F1AOEU0684112001':8.9530111):6.5986379,'F1AOEU0683962001':15.5516490):2.1534872):0.2955178,('F1AOEU0683622001':16.7022750,'F1CUAF4254591999':16.7022750):1.2983790):5.2447020,(((('F1ROAF2040461997':16.9047103,'F1ROEU5531202005':16.9047103):1.6005543,'F1ROAF2040521997':18.5052645):3.8148839,'F1BEDQ8777922003':22.3201484):0.2603126,((('F1ROAF2040481997':19.4450104,'F1ROAF2040501997':19.4450104):1.3165342,'F1SIAJ9711002002':20.7615445):0.0007070,'F1ROEU5532642007':20.7622516):1.8182094):0.6648950):0.8329301):2.1264702,(('F1AOEU0683512001':21.6072032,'F1HNEU3126682003':21.6072032):3.3561467,'F1FRAJ2870421999':24.9633499):1.2414064):1.0242272,((('F1BGEF5174381998':16.8036652,'F1BGEF5174351997':16.8036652):2.3624546,'F1CUDQ1132122003':19.1661198):4.1710951,'F1RUFJ0098142006':23.3372149):3.8917687):1.0302103,((((((((((((('F1BREU1897232005':15.1272023,'F1ITAF2952821998':15.1272023):0.3788003,'F1ITAF2952811997':15.5060026):0.9909736,'F1BRFJ4051532003':16.4969763):3.5952000,('F1BRAF4478261989':18.8387510,'F1BRAF4478221990':18.8387510):1.2534253):0.00E+000,(('F1BRAF0054941993':19.2107779,'F1BRFJ7710062002':19.2107779):0.8807775,'F1BRAF4478151990':20.0915554):0.0006208):0.0005187,(('F1BREF3791972006':16.4523819,'F1BRDQ8997042004':16.4523819):2.1957932,'F1CHEF4499962004':18.6481750):1.4445199):1.0247294,((('F1BRAY4418512000':17.1739053,'F1BREU1897042005':17.1739053):1.0510309,'F1BRFJ4051682002':18.2249362):1.8040964,'F1BRAY2757712002':20.0290327):1.0883916):0.0006231,(((((('F1BRFJ4051492003':13.4533803,'F1BRFJ4051452003':13.4533803):1.3796842,'F1BREU2580762004':14.8330645):0.9925540,'F1BRDQ3588022001':15.8256185):0.9274198,(('F1BRAY4418722000':13.8753717,'F1BREU1897092005':13.8753717):1.2394088,'F1BREU1897182005':15.1147805):1.6382578):0.7109620,'F1BREU2935062006':17.4640003):0.2980221,(('F1BREU1897302006':14.0184589,'F1ARFJ5258192006':14.0184589):1.6931763,'F1BRDQ3588012001':15.7116352):2.0503871):3.3560250):0.4517885,(((((('F1LUDQ8777502003':14.1690999,'F1PTDQ8778852003':14.1690999):1.4712224,'F1JPAB4802982004':15.6403223):0.4515292,('F1BEDQ8777682003':14.4973396,'F1CHDQ8779042003':14.4973396):1.5945119):1.2578120,'F1ITDQ8787322003':17.3496635):1.3789886,(('F1BRAY8771722003':15.7228769,'F1BRFJ4051742002':15.7228769):2.5611391,('F1ITDQ8787502003':14.7583805,'F1ITDQ8786222003':14.7583805):3.5256355):0.4446361):2.4351707,(((('F1BRFJ4051792004':16.9418671,'F1BRAY9014451999':16.9418671):2.1633532,('F1BREU1897352006':16.2335940,'F1BRAY6432332003':16.2335940):2.8716263):1.4533553,('F1BRFJ7710102007':17.9231139,'F1BRDQ8996972005':17.9231139):2.6354617):0.0006068,'F1BRAY6432522003':20.5591825):0.6046403):0.4060131):0.9958700,('F1BRFJ4051432002':16.3083477,'F1BREF0426462004':16.3083477):6.2573582):0.2743721,(('F1ITAF2952991998':16.1212359,'F1BRFJ7710082006':16.1212359):2.5768729,'F1BRFJ4051712004':18.6981088):4.1419692):1.0852977,(('F1FIAF0757031993':23.0199585,'F1BEAF0773361993':23.0199585):0.9054172,'F1ITAF2952831998':23.9253756):0.00E+000):3.4276422,(('F1AOEU0683722001':25.1196899,'F1BEDQ1772191987':25.1196899):0.6632869,('F1CDAM0410212002':23.4228300,'F1FRDQ8781752003':23.4228300):2.3601467):1.5700411):0.9061760):0.00E+000,((((((((('F2CMAM2794472002':0.00E+000,'F2FRDQ8781712003':0.00E+000):0.00E+000,'F2CMAM1817942001':0.00E+000):0.00E+000,('F2CMDQ9904282004':0.00E+000,'F2CMDQ9904342004':0.00E+000):0.00E+000):0.00E+000,'F2DEDQ8785092003':0.00E+000):0.00E+000,('F2CMGQ3449612006':0.00E+000,'F2CMAJ2492371995':0.00E+000):0.00E+000):0.00E+000,(('F2FRAJ2705601997':0.00E+000,'F2CMAJ2869731997':0.00E+000):0.00E+000,'F2CMDQ9904302004':0.00E+000):0.00E+000):0.00E+000,((((('F2FRAJ2705621997':0.00E+000,'F2CMAJ2869741997':0.00E+000):0.00E+000,'F2CMAY3711582002':0.00E+000):0.00E+000,'F2CMDQ9904362004':0.00E+000):0.00E+000,('F2CMAF3779561997':0.00E+000,'F2MLEU3306532006':0.00E+000):0.00E+000):0.00E+000,(('F2CMAJ2869771998':0.00E+000,'F2CMAJ2869711997':0.00E+000):0.00E+000,('F2ESEU2553802006':0.00E+000,'F2ESEU5451912005':0.00E+000):0.00E+000):0.00E+000):0.00E+000):0.00E+000,(('F2CMAJ2869761998':0.00E+000,'F2CMGQ3449662006':0.00E+000):0.00E+000,'F2CMDQ9904472004':0.00E+000):0.00E+000):0.00E+000,'F2CMAJ2492361995':0.00E+000):28.2591939);&quot;"/>
            <WorkingDirectory Value="/mydata/Documents/lazarusProjects/MEGA-Lazarus/mega-tt/testing"/>
            <Display Use="True"/>
          </local>
        </Mode0>
      </Modes>
    </RunParams>
    <RequiredPackages Count="3">
      <Item1>
        <PackageName Value="laz_fpspreadsheet"/>
      </Item1>
      <Item2>
        <PackageName Value="LCLBase"/>
      </Item2>
      <Item3>
        <PackageName Value="LazUtils"/>
      </Item3>
    </RequiredPackages>
    <Units Count="38">
      <Unit0>
        <Filename Value="megattproj.lpr"/>
        <IsPartOfProject Value="True"/>
      </Unit0>
      <Unit1>
        <Filename Value="gtreedata.pas"/>
        <IsPartOfProject Value="True"/>
      </Unit1>
      <Unit2>
        <Filename Value="gtreelist.pas"/>
        <IsPartOfProject Value="True"/>
      </Unit2>
      <Unit3>
        <Filename Value="gtreedataadapter.pas"/>
        <IsPartOfProject Value="True"/>
      </Unit3>
      <Unit4>
        <Filename Value="../Common/MLongintList.pas"/>
        <IsPartOfProject Value="True"/>
      </Unit4>
      <Unit5>
        <Filename Value="gtreenode.pas"/>
        <IsPartOfProject Value="True"/>
      </Unit5>
      <Unit6>
        <Filename Value="../TamuraFuncs/mtreepruner.pas"/>
        <IsPartOfProject Value="True"/>
      </Unit6>
      <Unit7>
        <Filename Value="ttconst.pas"/>
        <IsPartOfProject Value="True"/>
      </Unit7>
      <Unit8>
        <Filename Value="gutils.pas"/>
        <IsPartOfProject Value="True"/>
      </Unit8>
      <Unit9>
        <Filename Value="gtreeproc.pas"/>
        <IsPartOfProject Value="True"/>
      </Unit9>
      <Unit10>
        <Filename Value="gsvgwriter.pas"/>
        <IsPartOfProject Value="True"/>
      </Unit10>
      <Unit11>
        <Filename Value="gsvgtreebox.pas"/>
        <IsPartOfProject Value="True"/>
      </Unit11>
      <Unit12>
        <Filename Value="gtreeattrib.pas"/>
        <IsPartOfProject Value="True"/>
      </Unit12>
      <Unit13>
        <Filename Value="gtextwidth.pas"/>
        <IsPartOfProject Value="True"/>
      </Unit13>
      <Unit14>
        <Filename Value="../RelTime/geologicaltimes.pas"/>
        <IsPartOfProject Value="True"/>
      </Unit14>
      <Unit15>
        <Filename Value="../RelTime/mearthimpacts.pas"/>
        <IsPartOfProject Value="True"/>
      </Unit15>
      <Unit16>
        <Filename Value="../RelTime/mgeodata.pas"/>
        <IsPartOfProject Value="True"/>
      </Unit16>
      <Unit17>
        <Filename Value="gtaxonomicrank.pas"/>
        <IsPartOfProject Value="True"/>
      </Unit17>
      <Unit18>
        <Filename Value="gnamesmap.pas"/>
        <IsPartOfProject Value="True"/>
      </Unit18>
      <Unit19>
        <Filename Value="gpairwisesvg.pas"/>
        <IsPartOfProject Value="True"/>
      </Unit19>
      <Unit20>
        <Filename Value="gloadtreethread.pas"/>
        <IsPartOfProject Value="True"/>
      </Unit20>
      <Unit21>
        <Filename Value="mgeodatachartformatter.pas"/>
        <IsPartOfProject Value="True"/>
      </Unit21>
      <Unit22>
        <Filename Value="timeline/gtimelinesvg.pas"/>
        <IsPartOfProject Value="True"/>
      </Unit22>
      <Unit23>
        <Filename Value="common/gsvgstrings.pas"/>
        <IsPartOfProject Value="True"/>
      </Unit23>
      <Unit24>
        <Filename Value="timeline/gtimeline.pas"/>
        <IsPartOfProject Value="True"/>
      </Unit24>
      <Unit25>
        <Filename Value="timeline/gtimelinejsonparser.pas"/>
        <IsPartOfProject Value="True"/>
      </Unit25>
      <Unit26>
        <Filename Value="timeline/gtimelineresult.pas"/>
        <IsPartOfProject Value="True"/>
      </Unit26>
      <Unit27>
        <Filename Value="timeline/gtimelinesvgwriter.pas"/>
        <IsPartOfProject Value="True"/>
      </Unit27>
      <Unit28>
        <Filename Value="tests/common/testconsts.pas"/>
        <IsPartOfProject Value="True"/>
      </Unit28>
      <Unit29>
        <Filename Value="timeline/gtimelineresultbin.pas"/>
        <IsPartOfProject Value="True"/>
      </Unit29>
      <Unit30>
        <Filename Value="timeline/gtimelineresultbinarray.pas"/>
        <IsPartOfProject Value="True"/>
      </Unit30>
      <Unit31>
        <Filename Value="mearthimpactsrenderer.pas"/>
        <IsPartOfProject Value="True"/>
      </Unit31>
      <Unit32>
        <Filename Value="timetree/gtimescalerenderer.pas"/>
        <IsPartOfProject Value="True"/>
      </Unit32>
      <Unit33>
        <Filename Value="timetree/gscaleticks.pas"/>
        <IsPartOfProject Value="True"/>
      </Unit33>
      <Unit34>
        <Filename Value="gconfidenceintervals.pas"/>
        <IsPartOfProject Value="True"/>
      </Unit34>
      <Unit35>
        <Filename Value="utils/gnamestoidsmapper.pas"/>
        <IsPartOfProject Value="True"/>
      </Unit35>
      <Unit36>
        <Filename Value="utils/gleafnodecounts.pas"/>
        <IsPartOfProject Value="True"/>
      </Unit36>
      <Unit37>
        <Filename Value="gnewick_to_svg.pas"/>
        <IsPartOfProject Value="True"/>
      </Unit37>
    </Units>
  </ProjectOptions>
  <CompilerOptions>
    <Version Value="11"/>
    <Target>
      <Filename Value="megattproj"/>
    </Target>
    <SearchPaths>
      <IncludeFiles Value="$(ProjOutDir)"/>
      <OtherUnitFiles Value="../Common;../TamuraFuncs;../RelTime;common;tests/common;timeline"/>
      <UnitOutputDirectory Value="lib/$(TargetCPU)-$(TargetOS)"/>
    </SearchPaths>
  </CompilerOptions>
  <Debugging>
    <Exceptions Count="3">
      <Item1>
        <Name Value="EAbort"/>
      </Item1>
      <Item2>
        <Name Value="ECodetoolError"/>
      </Item2>
      <Item3>
        <Name Value="EFOpenError"/>
      </Item3>
    </Exceptions>
  </Debugging>
</CONFIG>
